
Microsoft Visual Studio Solution File, Format Version 12.00
# Visual Studio 14
VisualStudioVersion = 14.0.25420.1
MinimumVisualStudioVersion = 10.0.40219.1
Project("{FAE04EC0-301F-11D3-BF4B-00C04F79EFBC}") = "CryptZip", "CryptZip\CryptZip.csproj", "{A55CB0B7-9C63-4704-B12C-1C0A3505302D}"
EndProject
Project("{FAE04EC0-301F-11D3-BF4B-00C04F79EFBC}") = "CryptZip.Tests", "CryptZip.Tests\CryptZip.Tests.csproj", "{D22A2A64-9FE1-4D91-910F-1FF3F505D0D0}"
EndProject
Project("{FAE04EC0-301F-11D3-BF4B-00C04F79EFBC}") = "Statistics Calculator", "Statistics Calculator\Statistics Calculator.csproj", "{E79EB2BC-E4BF-4F8E-88C4-78F69336C5EE}"
EndProject
Global
	GlobalSection(SolutionConfigurationPlatforms) = preSolution
		Debug|Any CPU = Debug|Any CPU
		Release|Any CPU = Release|Any CPU
	EndGlobalSection
	GlobalSection(ProjectConfigurationPlatforms) = postSolution
		{A55CB0B7-9C63-4704-B12C-1C0A3505302D}.Debug|Any CPU.ActiveCfg = Debug|Any CPU
		{A55CB0B7-9C63-4704-B12C-1C0A3505302D}.Debug|Any CPU.Build.0 = Debug|Any CPU
		{A55CB0B7-9C63-4704-B12C-1C0A3505302D}.Release|Any CPU.ActiveCfg = Release|Any CPU
		{A55CB0B7-9C63-4704-B12C-1C0A3505302D}.Release|Any CPU.Build.0 = Release|Any CPU
		{D22A2A64-9FE1-4D91-910F-1FF3F505D0D0}.Debug|Any CPU.ActiveCfg = Debug|Any CPU
		{D22A2A64-9FE1-4D91-910F-1FF3F505D0D0}.Debug|Any CPU.Build.0 = Debug|Any CPU
		{D22A2A64-9FE1-4D91-910F-1FF3F505D0D0}.Release|Any CPU.ActiveCfg = Release|Any CPU
		{D22A2A64-9FE1-4D91-910F-1FF3F505D0D0}.Release|Any CPU.Build.0 = Release|Any CPU
		{E79EB2BC-E4BF-4F8E-88C4-78F69336C5EE}.Debug|Any CPU.ActiveCfg = Debug|Any CPU
		{E79EB2BC-E4BF-4F8E-88C4-78F69336C5EE}.Debug|Any CPU.Build.0 = Debug|Any CPU
		{E79EB2BC-E4BF-4F8E-88C4-78F69336C5EE}.Release|Any CPU.ActiveCfg = Release|Any CPU
		{E79EB2BC-E4BF-4F8E-88C4-78F69336C5EE}.Release|Any CPU.Build.0 = Release|Any CPU
	EndGlobalSection
	GlobalSection(SolutionProperties) = preSolution
		HideSolutionNode = FALSE
	EndGlobalSection
EndGlobal
